github.com/zxhoper/go-testing-sort-integration/src/api/utils/sort v0.0.0-20221003042817-eff3e4c67057 h1:xtqo2ltMRNv3dhguskmN23vOyvjGVYAmQxLfI1x+wh4=
github.com/zxhoper/go-testing-sort-integration/src/api/utils/sort v0.0.0-20221003042817-eff3e4c67057/go.mod h1:EVrpJzSAu8IzW5lxsc0DbXK8sGIwc3YR5zGrVZiMrng=
